
Microsoft Visual Studio Solution File, Format Version 12.00
Project("{FAE04EC0-301F-11D3-BF4B-00C04F79EFBC}") = "vrstud", "vrstud\vrstud.csproj", "{EEEDA6CA-911E-478B-BEF6-907C5E3EDEA1}"
EndProject
Global
	GlobalSection(SolutionConfigurationPlatforms) = preSolution
		Debug|Any CPU = Debug|Any CPU
		Release|Any CPU = Release|Any CPU
	EndGlobalSection
	GlobalSection(ProjectConfigurationPlatforms) = postSolution
		{EEEDA6CA-911E-478B-BEF6-907C5E3EDEA1}.Debug|Any CPU.ActiveCfg = Debug|Any CPU
		{EEEDA6CA-911E-478B-BEF6-907C5E3EDEA1}.Debug|Any CPU.Build.0 = Debug|Any CPU
		{EEEDA6CA-911E-478B-BEF6-907C5E3EDEA1}.Release|Any CPU.ActiveCfg = Release|Any CPU
		{EEEDA6CA-911E-478B-BEF6-907C5E3EDEA1}.Release|Any CPU.Build.0 = Release|Any CPU
	EndGlobalSection
EndGlobal
